
Microsoft Visual Studio Solution File, Format Version 12.00
# Visual Studio Version 17
VisualStudioVersion = 17.6.33717.318
MinimumVisualStudioVersion = 10.0.40219.1
Project("{FAE04EC0-301F-11D3-BF4B-00C04F79EFBC}") = "CalculatorApp", "CalculatorApp\CalculatorApp.csproj", "{80FF9950-7F2F-4014-B305-B7171A3196DB}"
EndProject
Project("{FAE04EC0-301F-11D3-BF4B-00C04F79EFBC}") = "CalculateLib", "CalculateLib\CalculateLib.csproj", "{2BC0ACAA-4F99-4445-9BA7-56567740CA1D}"
EndProject
Global
	GlobalSection(SolutionConfigurationPlatforms) = preSolution
		Debug|Any CPU = Debug|Any CPU
		Release|Any CPU = Release|Any CPU
	EndGlobalSection
	GlobalSection(ProjectConfigurationPlatforms) = postSolution
		{80FF9950-7F2F-4014-B305-B7171A3196DB}.Debug|Any CPU.ActiveCfg = Debug|Any CPU
		{80FF9950-7F2F-4014-B305-B7171A3196DB}.Debug|Any CPU.Build.0 = Debug|Any CPU
		{80FF9950-7F2F-4014-B305-B7171A3196DB}.Release|Any CPU.ActiveCfg = Release|Any CPU
		{80FF9950-7F2F-4014-B305-B7171A3196DB}.Release|Any CPU.Build.0 = Release|Any CPU
		{2BC0ACAA-4F99-4445-9BA7-56567740CA1D}.Debug|Any CPU.ActiveCfg = Debug|Any CPU
		{2BC0ACAA-4F99-4445-9BA7-56567740CA1D}.Debug|Any CPU.Build.0 = Debug|Any CPU
		{2BC0ACAA-4F99-4445-9BA7-56567740CA1D}.Release|Any CPU.ActiveCfg = Release|Any CPU
		{2BC0ACAA-4F99-4445-9BA7-56567740CA1D}.Release|Any CPU.Build.0 = Release|Any CPU
	EndGlobalSection
	GlobalSection(SolutionProperties) = preSolution
		HideSolutionNode = FALSE
	EndGlobalSection
	GlobalSection(ExtensibilityGlobals) = postSolution
		SolutionGuid = {5FF6CEB6-95DA-49A7-94E4-617B8305D0D6}
	EndGlobalSection
EndGlobal
